
Microsoft Visual Studio Solution File, Format Version 12.00
# Visual Studio Version 17
VisualStudioVersion = 17.14.36429.23 d17.14
MinimumVisualStudioVersion = 10.0.40219.1
Project("{FAE04EC0-301F-11D3-BF4B-00C04F79EFBC}") = "Inheritance_Demo", "Inheritance_Demo.csproj", "{37FBB3A7-6F98-4017-B3A3-7F749C4CE2CB}"
EndProject
Global
	GlobalSection(SolutionConfigurationPlatforms) = preSolution
		Debug|Any CPU = Debug|Any CPU
		Release|Any CPU = Release|Any CPU
	EndGlobalSection
	GlobalSection(ProjectConfigurationPlatforms) = postSolution
		{37FBB3A7-6F98-4017-B3A3-7F749C4CE2CB}.Debug|Any CPU.ActiveCfg = Debug|Any CPU
		{37FBB3A7-6F98-4017-B3A3-7F749C4CE2CB}.Debug|Any CPU.Build.0 = Debug|Any CPU
		{37FBB3A7-6F98-4017-B3A3-7F749C4CE2CB}.Release|Any CPU.ActiveCfg = Release|Any CPU
		{37FBB3A7-6F98-4017-B3A3-7F749C4CE2CB}.Release|Any CPU.Build.0 = Release|Any CPU
	EndGlobalSection
	GlobalSection(SolutionProperties) = preSolution
		HideSolutionNode = FALSE
	EndGlobalSection
	GlobalSection(ExtensibilityGlobals) = postSolution
		SolutionGuid = {82E6719E-5948-447E-8137-E8083DA20083}
	EndGlobalSection
EndGlobal
