
Microsoft Visual Studio Solution File, Format Version 12.00
# Visual Studio Version 17
VisualStudioVersion = 17.14.36429.23 d17.14
MinimumVisualStudioVersion = 10.0.40219.1
Project("{FAE04EC0-301F-11D3-BF4B-00C04F79EFBC}") = "CustomException", "CustomException.csproj", "{6A917B43-E52B-406B-BD3E-DDD8DB8D0950}"
EndProject
Global
	GlobalSection(SolutionConfigurationPlatforms) = preSolution
		Debug|Any CPU = Debug|Any CPU
		Release|Any CPU = Release|Any CPU
	EndGlobalSection
	GlobalSection(ProjectConfigurationPlatforms) = postSolution
		{6A917B43-E52B-406B-BD3E-DDD8DB8D0950}.Debug|Any CPU.ActiveCfg = Debug|Any CPU
		{6A917B43-E52B-406B-BD3E-DDD8DB8D0950}.Debug|Any CPU.Build.0 = Debug|Any CPU
		{6A917B43-E52B-406B-BD3E-DDD8DB8D0950}.Release|Any CPU.ActiveCfg = Release|Any CPU
		{6A917B43-E52B-406B-BD3E-DDD8DB8D0950}.Release|Any CPU.Build.0 = Release|Any CPU
	EndGlobalSection
	GlobalSection(SolutionProperties) = preSolution
		HideSolutionNode = FALSE
	EndGlobalSection
	GlobalSection(ExtensibilityGlobals) = postSolution
		SolutionGuid = {25E87536-FEB9-43A4-BB9F-C2850A4B0130}
	EndGlobalSection
EndGlobal
