
Microsoft Visual Studio Solution File, Format Version 12.00
# Visual Studio Version 17
VisualStudioVersion = 17.14.36429.23 d17.14
MinimumVisualStudioVersion = 10.0.40219.1
Project("{FAE04EC0-301F-11D3-BF4B-00C04F79EFBC}") = "Opertators_Demo", "Opertators_Demo.csproj", "{AFF626ED-7AC2-4003-A2F0-EB9D92B1E55F}"
EndProject
Global
	GlobalSection(SolutionConfigurationPlatforms) = preSolution
		Debug|Any CPU = Debug|Any CPU
		Release|Any CPU = Release|Any CPU
	EndGlobalSection
	GlobalSection(ProjectConfigurationPlatforms) = postSolution
		{AFF626ED-7AC2-4003-A2F0-EB9D92B1E55F}.Debug|Any CPU.ActiveCfg = Debug|Any CPU
		{AFF626ED-7AC2-4003-A2F0-EB9D92B1E55F}.Debug|Any CPU.Build.0 = Debug|Any CPU
		{AFF626ED-7AC2-4003-A2F0-EB9D92B1E55F}.Release|Any CPU.ActiveCfg = Release|Any CPU
		{AFF626ED-7AC2-4003-A2F0-EB9D92B1E55F}.Release|Any CPU.Build.0 = Release|Any CPU
	EndGlobalSection
	GlobalSection(SolutionProperties) = preSolution
		HideSolutionNode = FALSE
	EndGlobalSection
	GlobalSection(ExtensibilityGlobals) = postSolution
		SolutionGuid = {A0EFF36A-D312-4F95-849C-B301788C2413}
	EndGlobalSection
EndGlobal
