
Microsoft Visual Studio Solution File, Format Version 12.00
# Visual Studio Version 17
VisualStudioVersion = 17.14.36429.23 d17.14
MinimumVisualStudioVersion = 10.0.40219.1
Project("{FAE04EC0-301F-11D3-BF4B-00C04F79EFBC}") = "Strings", "Strings.csproj", "{C5EE409D-9983-4DD7-84EB-111E13E71DEE}"
EndProject
Global
	GlobalSection(SolutionConfigurationPlatforms) = preSolution
		Debug|Any CPU = Debug|Any CPU
		Release|Any CPU = Release|Any CPU
	EndGlobalSection
	GlobalSection(ProjectConfigurationPlatforms) = postSolution
		{C5EE409D-9983-4DD7-84EB-111E13E71DEE}.Debug|Any CPU.ActiveCfg = Debug|Any CPU
		{C5EE409D-9983-4DD7-84EB-111E13E71DEE}.Debug|Any CPU.Build.0 = Debug|Any CPU
		{C5EE409D-9983-4DD7-84EB-111E13E71DEE}.Release|Any CPU.ActiveCfg = Release|Any CPU
		{C5EE409D-9983-4DD7-84EB-111E13E71DEE}.Release|Any CPU.Build.0 = Release|Any CPU
	EndGlobalSection
	GlobalSection(SolutionProperties) = preSolution
		HideSolutionNode = FALSE
	EndGlobalSection
	GlobalSection(ExtensibilityGlobals) = postSolution
		SolutionGuid = {28C33128-D612-44F5-915F-0CF83ECE33FC}
	EndGlobalSection
EndGlobal
