
Microsoft Visual Studio Solution File, Format Version 12.00
# Visual Studio Version 17
VisualStudioVersion = 17.14.36429.23 d17.14
MinimumVisualStudioVersion = 10.0.40219.1
Project("{FAE04EC0-301F-11D3-BF4B-00C04F79EFBC}") = "MeteringSystem", "MeteringSystem.csproj", "{A6AAA1BA-29B7-4F7E-BB9D-29C9E8CCA3DB}"
EndProject
Global
	GlobalSection(SolutionConfigurationPlatforms) = preSolution
		Debug|Any CPU = Debug|Any CPU
		Release|Any CPU = Release|Any CPU
	EndGlobalSection
	GlobalSection(ProjectConfigurationPlatforms) = postSolution
		{A6AAA1BA-29B7-4F7E-BB9D-29C9E8CCA3DB}.Debug|Any CPU.ActiveCfg = Debug|Any CPU
		{A6AAA1BA-29B7-4F7E-BB9D-29C9E8CCA3DB}.Debug|Any CPU.Build.0 = Debug|Any CPU
		{A6AAA1BA-29B7-4F7E-BB9D-29C9E8CCA3DB}.Release|Any CPU.ActiveCfg = Release|Any CPU
		{A6AAA1BA-29B7-4F7E-BB9D-29C9E8CCA3DB}.Release|Any CPU.Build.0 = Release|Any CPU
	EndGlobalSection
	GlobalSection(SolutionProperties) = preSolution
		HideSolutionNode = FALSE
	EndGlobalSection
	GlobalSection(ExtensibilityGlobals) = postSolution
		SolutionGuid = {EA0C7FF4-6567-4CFF-8A0F-B8CC6579EB5F}
	EndGlobalSection
EndGlobal
